{
  "name": "@zync-sh/plugin-sdk",
  "version": "2.0.0-beta.1",
  "lockfileVersion": 3,
  "requires": true,
  "packages": {
    "": {
      "name": "@zync-sh/plugin-sdk",
      "version": "2.0.0-beta.1",
      "license": "MIT",
      "dependencies": {
        "semver": "^7.0.0"
      },
      "bin": {
        "zync-plugin": "bin/zync-plugin.mjs"
      },
      "engines": {
        "node": ">=20"
      }
    },
    "node_modules/semver": {
      "version": "7.8.5",
      "resolved": "https://registry.npmjs.org/semver/-/semver-7.8.5.tgz",
      "integrity": "sha512-Y7/KDsb8LjooZpwaqGyulO6DQlksgCncchHGk+sZIY4SBvUocMBEFH5Ur1fI4dV+Jvl0w6cjvucaIi40puRioA==",
      "license": "ISC",
      "bin": {
        "semver": "bin/semver.js"
      },
      "engines": {
        "node": ">=10"
      }
    }
  }
}
